// !$*UTF8*$!
{
	archiveVersion = 1;
	classes = {
	};
	objectVersion = 56;
	objects = {

/* Begin PBXBuildFile section */
		4702AA072C280DCF00EC39C2 /* LoginViewViewModel.swift in Sources */ = {isa = PBXBuildFile; fileRef = 4702AA062C280DCF00EC39C2 /* LoginViewViewModel.swift */; };
		4702AA092C280DEF00EC39C2 /* User.swift in Sources */ = {isa = PBXBuildFile; fileRef = 4702AA082C280DEF00EC39C2 /* User.swift */; };
		47033AF12C37F7DF00E0D144 /* Intro3View.swift in Sources */ = {isa = PBXBuildFile; fileRef = 47033AF02C37F7DF00E0D144 /* Intro3View.swift */; };
		47033AF32C37F7F500E0D144 /* Intro4View.swift in Sources */ = {isa = PBXBuildFile; fileRef = 47033AF22C37F7F500E0D144 /* Intro4View.swift */; };
		472119082C5B7B620037B622 /* SetupMyProfile1View.swift in Sources */ = {isa = PBXBuildFile; fileRef = 472119072C5B7B620037B622 /* SetupMyProfile1View.swift */; };
		472562092C4908A3000D2573 /* SignInView.swift in Sources */ = {isa = PBXBuildFile; fileRef = 472562082C4908A3000D2573 /* SignInView.swift */; };
		4736AD2D2C2F4417007A275A /* SplashView.swift in Sources */ = {isa = PBXBuildFile; fileRef = 4736AD2C2C2F4417007A275A /* SplashView.swift */; };
		47377DD02C2C9E97003771A7 /* ExpressDataEntryView.swift in Sources */ = {isa = PBXBuildFile; fileRef = 47377DCF2C2C9E97003771A7 /* ExpressDataEntryView.swift */; };
		4768CCF62C2F3C8B00BF4ABD /* IntroView.swift in Sources */ = {isa = PBXBuildFile; fileRef = 4768CCF52C2F3C8B00BF4ABD /* IntroView.swift */; };
		476A90292C2E9B0100572371 /* NewSessionView.swift in Sources */ = {isa = PBXBuildFile; fileRef = 476A90282C2E9B0100572371 /* NewSessionView.swift */; };
		4780A3072C538F72000DC00E /* SmallArea1View.swift in Sources */ = {isa = PBXBuildFile; fileRef = 4780A3062C538F72000DC00E /* SmallArea1View.swift */; };
		4780A3092C5390F5000DC00E /* SmallArea2View.swift in Sources */ = {isa = PBXBuildFile; fileRef = 4780A3082C5390F5000DC00E /* SmallArea2View.swift */; };
		4780A30B2C5397C2000DC00E /* SmallArea3View.swift in Sources */ = {isa = PBXBuildFile; fileRef = 4780A30A2C5397C2000DC00E /* SmallArea3View.swift */; };
		478840AD2C41131A004D8A5B /* LogoView.swift in Sources */ = {isa = PBXBuildFile; fileRef = 478840AC2C41131A004D8A5B /* LogoView.swift */; };
		478840AF2C411C13004D8A5B /* IntroTabView.swift in Sources */ = {isa = PBXBuildFile; fileRef = 478840AE2C411C13004D8A5B /* IntroTabView.swift */; };
		47889CFA2C309A6A007A105B /* Launch Screen.storyboard in Resources */ = {isa = PBXBuildFile; fileRef = 47889CF92C309A6A007A105B /* Launch Screen.storyboard */; };
		4798AF1C2C3EED9600A44F87 /* PersonTestView.swift in Sources */ = {isa = PBXBuildFile; fileRef = 4798AF1B2C3EED9600A44F87 /* PersonTestView.swift */; };
		47A710A12C36B04400BE023D /* Intro1View.swift in Sources */ = {isa = PBXBuildFile; fileRef = 47A710A02C36B04400BE023D /* Intro1View.swift */; };
		47A710A32C36B05900BE023D /* Intro2View.swift in Sources */ = {isa = PBXBuildFile; fileRef = 47A710A22C36B05900BE023D /* Intro2View.swift */; };
		47B77E182C391E51000AC0F9 /* BuyStackView.swift in Sources */ = {isa = PBXBuildFile; fileRef = 47B77E172C391E51000AC0F9 /* BuyStackView.swift */; };
		47BA66272C27FCD100B6EE25 /* bdsputting1App.swift in Sources */ = {isa = PBXBuildFile; fileRef = 47BA66262C27FCD100B6EE25 /* bdsputting1App.swift */; };
		47BA662B2C27FCD200B6EE25 /* Assets.xcassets in Resources */ = {isa = PBXBuildFile; fileRef = 47BA662A2C27FCD200B6EE25 /* Assets.xcassets */; };
		47BA662E2C27FCD200B6EE25 /* Preview Assets.xcassets in Resources */ = {isa = PBXBuildFile; fileRef = 47BA662D2C27FCD200B6EE25 /* Preview Assets.xcassets */; };
		47C356EC2C4B90D500F5548D /* HeadingLineView.swift in Sources */ = {isa = PBXBuildFile; fileRef = 47C356EB2C4B90D500F5548D /* HeadingLineView.swift */; };
		47E7F5DD2C2A1CD300ED474F /* RegisterView.swift in Sources */ = {isa = PBXBuildFile; fileRef = 47E7F5DC2C2A1CD300ED474F /* RegisterView.swift */; };
		47E7F5DF2C2A1E3D00ED474F /* LoginView.swift in Sources */ = {isa = PBXBuildFile; fileRef = 47E7F5DE2C2A1E3D00ED474F /* LoginView.swift */; };
		47E7F5E12C2A1E5E00ED474F /* RegisterViewViewModel.swift in Sources */ = {isa = PBXBuildFile; fileRef = 47E7F5E02C2A1E5E00ED474F /* RegisterViewViewModel.swift */; };
		47E7F5E32C2A1E7800ED474F /* MainViewViewModel.swift in Sources */ = {isa = PBXBuildFile; fileRef = 47E7F5E22C2A1E7800ED474F /* MainViewViewModel.swift */; };
		47F99B442C465D1C006429B9 /* WaiversView.swift in Sources */ = {isa = PBXBuildFile; fileRef = 47F99B432C465D1C006429B9 /* WaiversView.swift */; };
/* End PBXBuildFile section */

/* Begin PBXFileReference section */
		4702AA062C280DCF00EC39C2 /* LoginViewViewModel.swift */ = {isa = PBXFileReference; lastKnownFileType = sourcecode.swift; path = LoginViewViewModel.swift; sourceTree = "<group>"; };
		4702AA082C280DEF00EC39C2 /* User.swift */ = {isa = PBXFileReference; lastKnownFileType = sourcecode.swift; path = User.swift; sourceTree = "<group>"; };
		47033AF02C37F7DF00E0D144 /* Intro3View.swift */ = {isa = PBXFileReference; lastKnownFileType = sourcecode.swift; path = Intro3View.swift; sourceTree = "<group>"; };
		47033AF22C37F7F500E0D144 /* Intro4View.swift */ = {isa = PBXFileReference; lastKnownFileType = sourcecode.swift; path = Intro4View.swift; sourceTree = "<group>"; };
		472119072C5B7B620037B622 /* SetupMyProfile1View.swift */ = {isa = PBXFileReference; lastKnownFileType = sourcecode.swift; path = SetupMyProfile1View.swift; sourceTree = "<group>"; };
		472562082C4908A3000D2573 /* SignInView.swift */ = {isa = PBXFileReference; lastKnownFileType = sourcecode.swift; path = SignInView.swift; sourceTree = "<group>"; };
		4736AD2C2C2F4417007A275A /* SplashView.swift */ = {isa = PBXFileReference; lastKnownFileType = sourcecode.swift; path = SplashView.swift; sourceTree = "<group>"; };
		47377DCF2C2C9E97003771A7 /* ExpressDataEntryView.swift */ = {isa = PBXFileReference; lastKnownFileType = sourcecode.swift; path = ExpressDataEntryView.swift; sourceTree = "<group>"; };
		4768CCF52C2F3C8B00BF4ABD /* IntroView.swift */ = {isa = PBXFileReference; lastKnownFileType = sourcecode.swift; path = IntroView.swift; sourceTree = "<group>"; };
		476A90282C2E9B0100572371 /* NewSessionView.swift */ = {isa = PBXFileReference; lastKnownFileType = sourcecode.swift; path = NewSessionView.swift; sourceTree = "<group>"; };
		4780A3062C538F72000DC00E /* SmallArea1View.swift */ = {isa = PBXFileReference; lastKnownFileType = sourcecode.swift; path = SmallArea1View.swift; sourceTree = "<group>"; };
		4780A3082C5390F5000DC00E /* SmallArea2View.swift */ = {isa = PBXFileReference; lastKnownFileType = sourcecode.swift; path = SmallArea2View.swift; sourceTree = "<group>"; };
		4780A30A2C5397C2000DC00E /* SmallArea3View.swift */ = {isa = PBXFileReference; lastKnownFileType = sourcecode.swift; path = SmallArea3View.swift; sourceTree = "<group>"; };
		478840AC2C41131A004D8A5B /* LogoView.swift */ = {isa = PBXFileReference; lastKnownFileType = sourcecode.swift; path = LogoView.swift; sourceTree = "<group>"; };
		478840AE2C411C13004D8A5B /* IntroTabView.swift */ = {isa = PBXFileReference; lastKnownFileType = sourcecode.swift; path = IntroTabView.swift; sourceTree = "<group>"; };
		47889CF92C309A6A007A105B /* Launch Screen.storyboard */ = {isa = PBXFileReference; lastKnownFileType = file.storyboard; path = "Launch Screen.storyboard"; sourceTree = "<group>"; };
		4798AF1B2C3EED9600A44F87 /* PersonTestView.swift */ = {isa = PBXFileReference; lastKnownFileType = sourcecode.swift; path = PersonTestView.swift; sourceTree = "<group>"; };
		47A710A02C36B04400BE023D /* Intro1View.swift */ = {isa = PBXFileReference; lastKnownFileType = sourcecode.swift; path = Intro1View.swift; sourceTree = "<group>"; };
		47A710A22C36B05900BE023D /* Intro2View.swift */ = {isa = PBXFileReference; lastKnownFileType = sourcecode.swift; path = Intro2View.swift; sourceTree = "<group>"; };
		47B77E172C391E51000AC0F9 /* BuyStackView.swift */ = {isa = PBXFileReference; lastKnownFileType = sourcecode.swift; path = BuyStackView.swift; sourceTree = "<group>"; };
		47BA66232C27FCD100B6EE25 /* bdsputting1.app */ = {isa = PBXFileReference; explicitFileType = wrapper.application; includeInIndex = 0; path = bdsputting1.app; sourceTree = BUILT_PRODUCTS_DIR; };
		47BA66262C27FCD100B6EE25 /* bdsputting1App.swift */ = {isa = PBXFileReference; lastKnownFileType = sourcecode.swift; path = bdsputting1App.swift; sourceTree = "<group>"; };
		47BA662A2C27FCD200B6EE25 /* Assets.xcassets */ = {isa = PBXFileReference; lastKnownFileType = folder.assetcatalog; path = Assets.xcassets; sourceTree = "<group>"; };
		47BA662D2C27FCD200B6EE25 /* Preview Assets.xcassets */ = {isa = PBXFileReference; lastKnownFileType = folder.assetcatalog; path = "Preview Assets.xcassets"; sourceTree = "<group>"; };
		47C356EB2C4B90D500F5548D /* HeadingLineView.swift */ = {isa = PBXFileReference; lastKnownFileType = sourcecode.swift; path = HeadingLineView.swift; sourceTree = "<group>"; };
		47E7F5DC2C2A1CD300ED474F /* RegisterView.swift */ = {isa = PBXFileReference; lastKnownFileType = sourcecode.swift; path = RegisterView.swift; sourceTree = "<group>"; };
		47E7F5DE2C2A1E3D00ED474F /* LoginView.swift */ = {isa = PBXFileReference; lastKnownFileType = sourcecode.swift; path = LoginView.swift; sourceTree = "<group>"; };
		47E7F5E02C2A1E5E00ED474F /* RegisterViewViewModel.swift */ = {isa = PBXFileReference; lastKnownFileType = sourcecode.swift; path = RegisterViewViewModel.swift; sourceTree = "<group>"; };
		47E7F5E22C2A1E7800ED474F /* MainViewViewModel.swift */ = {isa = PBXFileReference; lastKnownFileType = sourcecode.swift; path = MainViewViewModel.swift; sourceTree = "<group>"; };
		47F99B432C465D1C006429B9 /* WaiversView.swift */ = {isa = PBXFileReference; lastKnownFileType = sourcecode.swift; path = WaiversView.swift; sourceTree = "<group>"; };
/* End PBXFileReference section */

/* Begin PBXFrameworksBuildPhase section */
		47BA66202C27FCD100B6EE25 /* Frameworks */ = {
			isa = PBXFrameworksBuildPhase;
			buildActionMask = 2147483647;
			files = (
			);
			runOnlyForDeploymentPostprocessing = 0;
		};
/* End PBXFrameworksBuildPhase section */

/* Begin PBXGroup section */
		47677DEF2C27FF5300D25426 /* Views */ = {
			isa = PBXGroup;
			children = (
				47889CF92C309A6A007A105B /* Launch Screen.storyboard */,
				478840AE2C411C13004D8A5B /* IntroTabView.swift */,
				4768CCF52C2F3C8B00BF4ABD /* IntroView.swift */,
				47033AF22C37F7F500E0D144 /* Intro4View.swift */,
				47E7F5DE2C2A1E3D00ED474F /* LoginView.swift */,
				476A90282C2E9B0100572371 /* NewSessionView.swift */,
				47E7F5DC2C2A1CD300ED474F /* RegisterView.swift */,
				47B77E172C391E51000AC0F9 /* BuyStackView.swift */,
				478840AC2C41131A004D8A5B /* LogoView.swift */,
				47377DCF2C2C9E97003771A7 /* ExpressDataEntryView.swift */,
				47F99B432C465D1C006429B9 /* WaiversView.swift */,
				472562082C4908A3000D2573 /* SignInView.swift */,
				47C356EB2C4B90D500F5548D /* HeadingLineView.swift */,
				4780A3062C538F72000DC00E /* SmallArea1View.swift */,
				4780A3082C5390F5000DC00E /* SmallArea2View.swift */,
				4780A30A2C5397C2000DC00E /* SmallArea3View.swift */,
				472119072C5B7B620037B622 /* SetupMyProfile1View.swift */,
			);
			path = Views;
			sourceTree = "<group>";
		};
		47677DF02C27FF8100D25426 /* ViewModels */ = {
			isa = PBXGroup;
			children = (
				4702AA062C280DCF00EC39C2 /* LoginViewViewModel.swift */,
				47E7F5E02C2A1E5E00ED474F /* RegisterViewViewModel.swift */,
				47E7F5E22C2A1E7800ED474F /* MainViewViewModel.swift */,
			);
			path = ViewModels;
			sourceTree = "<group>";
		};
		47677DF12C27FF8F00D25426 /* Models */ = {
			isa = PBXGroup;
			children = (
				4702AA082C280DEF00EC39C2 /* User.swift */,
			);
			path = Models;
			sourceTree = "<group>";
		};
		47677DF22C27FF9B00D25426 /* Other */ = {
			isa = PBXGroup;
			children = (
				47BA66262C27FCD100B6EE25 /* bdsputting1App.swift */,
				47BA662A2C27FCD200B6EE25 /* Assets.xcassets */,
			);
			path = Other;
			sourceTree = "<group>";
		};
		478840B02C412CD2004D8A5B /* ObsoleteViews */ = {
			isa = PBXGroup;
			children = (
				47A710A02C36B04400BE023D /* Intro1View.swift */,
				47A710A22C36B05900BE023D /* Intro2View.swift */,
				47033AF02C37F7DF00E0D144 /* Intro3View.swift */,
				4798AF1B2C3EED9600A44F87 /* PersonTestView.swift */,
				4736AD2C2C2F4417007A275A /* SplashView.swift */,
			);
			path = ObsoleteViews;
			sourceTree = "<group>";
		};
		47BA661A2C27FCD100B6EE25 = {
			isa = PBXGroup;
			children = (
				47BA66252C27FCD100B6EE25 /* bdsputting1 */,
				47BA66242C27FCD100B6EE25 /* Products */,
			);
			sourceTree = "<group>";
		};
		47BA66242C27FCD100B6EE25 /* Products */ = {
			isa = PBXGroup;
			children = (
				47BA66232C27FCD100B6EE25 /* bdsputting1.app */,
			);
			name = Products;
			sourceTree = "<group>";
		};
		47BA66252C27FCD100B6EE25 /* bdsputting1 */ = {
			isa = PBXGroup;
			children = (
				478840B02C412CD2004D8A5B /* ObsoleteViews */,
				47677DF22C27FF9B00D25426 /* Other */,
				47677DF12C27FF8F00D25426 /* Models */,
				47677DF02C27FF8100D25426 /* ViewModels */,
				47677DEF2C27FF5300D25426 /* Views */,
				47BA662C2C27FCD200B6EE25 /* Preview Content */,
			);
			path = bdsputting1;
			sourceTree = "<group>";
		};
		47BA662C2C27FCD200B6EE25 /* Preview Content */ = {
			isa = PBXGroup;
			children = (
				47BA662D2C27FCD200B6EE25 /* Preview Assets.xcassets */,
			);
			path = "Preview Content";
			sourceTree = "<group>";
		};
/* End PBXGroup section */

/* Begin PBXNativeTarget section */
		47BA66222C27FCD100B6EE25 /* bdsputting1 */ = {
			isa = PBXNativeTarget;
			buildConfigurationList = 47BA66312C27FCD200B6EE25 /* Build configuration list for PBXNativeTarget "bdsputting1" */;
			buildPhases = (
				47BA661F2C27FCD100B6EE25 /* Sources */,
				47BA66202C27FCD100B6EE25 /* Frameworks */,
				47BA66212C27FCD100B6EE25 /* Resources */,
			);
			buildRules = (
			);
			dependencies = (
			);
			name = bdsputting1;
			productName = bdsputting1;
			productReference = 47BA66232C27FCD100B6EE25 /* bdsputting1.app */;
			productType = "com.apple.product-type.application";
		};
/* End PBXNativeTarget section */

/* Begin PBXProject section */
		47BA661B2C27FCD100B6EE25 /* Project object */ = {
			isa = PBXProject;
			attributes = {
				BuildIndependentTargetsInParallel = 1;
				LastSwiftUpdateCheck = 1540;
				LastUpgradeCheck = 1540;
				TargetAttributes = {
					47BA66222C27FCD100B6EE25 = {
						CreatedOnToolsVersion = 15.4;
					};
				};
			};
			buildConfigurationList = 47BA661E2C27FCD100B6EE25 /* Build configuration list for PBXProject "bdsputting1" */;
			compatibilityVersion = "Xcode 14.0";
			developmentRegion = en;
			hasScannedForEncodings = 0;
			knownRegions = (
				en,
				Base,
			);
			mainGroup = 47BA661A2C27FCD100B6EE25;
			productRefGroup = 47BA66242C27FCD100B6EE25 /* Products */;
			projectDirPath = "";
			projectRoot = "";
			targets = (
				47BA66222C27FCD100B6EE25 /* bdsputting1 */,
			);
		};
/* End PBXProject section */

/* Begin PBXResourcesBuildPhase section */
		47BA66212C27FCD100B6EE25 /* Resources */ = {
			isa = PBXResourcesBuildPhase;
			buildActionMask = 2147483647;
			files = (
				47889CFA2C309A6A007A105B /* Launch Screen.storyboard in Resources */,
				47BA662E2C27FCD200B6EE25 /* Preview Assets.xcassets in Resources */,
				47BA662B2C27FCD200B6EE25 /* Assets.xcassets in Resources */,
			);
			runOnlyForDeploymentPostprocessing = 0;
		};
/* End PBXResourcesBuildPhase section */

/* Begin PBXSourcesBuildPhase section */
		47BA661F2C27FCD100B6EE25 /* Sources */ = {
			isa = PBXSourcesBuildPhase;
			buildActionMask = 2147483647;
			files = (
				47E7F5DF2C2A1E3D00ED474F /* LoginView.swift in Sources */,
				478840AD2C41131A004D8A5B /* LogoView.swift in Sources */,
				478840AF2C411C13004D8A5B /* IntroTabView.swift in Sources */,
				47BA66272C27FCD100B6EE25 /* bdsputting1App.swift in Sources */,
				47E7F5DD2C2A1CD300ED474F /* RegisterView.swift in Sources */,
				47A710A32C36B05900BE023D /* Intro2View.swift in Sources */,
				4702AA092C280DEF00EC39C2 /* User.swift in Sources */,
				47033AF12C37F7DF00E0D144 /* Intro3View.swift in Sources */,
				4702AA072C280DCF00EC39C2 /* LoginViewViewModel.swift in Sources */,
				47E7F5E32C2A1E7800ED474F /* MainViewViewModel.swift in Sources */,
				4768CCF62C2F3C8B00BF4ABD /* IntroView.swift in Sources */,
				47033AF32C37F7F500E0D144 /* Intro4View.swift in Sources */,
				47F99B442C465D1C006429B9 /* WaiversView.swift in Sources */,
				47A710A12C36B04400BE023D /* Intro1View.swift in Sources */,
				4780A3092C5390F5000DC00E /* SmallArea2View.swift in Sources */,
				4736AD2D2C2F4417007A275A /* SplashView.swift in Sources */,
				4780A30B2C5397C2000DC00E /* SmallArea3View.swift in Sources */,
				472119082C5B7B620037B622 /* SetupMyProfile1View.swift in Sources */,
				472562092C4908A3000D2573 /* SignInView.swift in Sources */,
				476A90292C2E9B0100572371 /* NewSessionView.swift in Sources */,
				47E7F5E12C2A1E5E00ED474F /* RegisterViewViewModel.swift in Sources */,
				4780A3072C538F72000DC00E /* SmallArea1View.swift in Sources */,
				47B77E182C391E51000AC0F9 /* BuyStackView.swift in Sources */,
				47377DD02C2C9E97003771A7 /* ExpressDataEntryView.swift in Sources */,
				4798AF1C2C3EED9600A44F87 /* PersonTestView.swift in Sources */,
				47C356EC2C4B90D500F5548D /* HeadingLineView.swift in Sources */,
			);
			runOnlyForDeploymentPostprocessing = 0;
		};
/* End PBXSourcesBuildPhase section */

/* Begin XCBuildConfiguration section */
		47BA662F2C27FCD200B6EE25 /* Debug */ = {
			isa = XCBuildConfiguration;
			buildSettings = {
				ALWAYS_SEARCH_USER_PATHS = NO;
				ASSETCATALOG_COMPILER_GENERATE_SWIFT_ASSET_SYMBOL_EXTENSIONS = YES;
				CLANG_ANALYZER_NONNULL = YES;
				CLANG_ANALYZER_NUMBER_OBJECT_CONVERSION = YES_AGGRESSIVE;
				CLANG_CXX_LANGUAGE_STANDARD = "gnu++20";
				CLANG_ENABLE_MODULES = YES;
				CLANG_ENABLE_OBJC_ARC = YES;
				CLANG_ENABLE_OBJC_WEAK = YES;
				CLANG_WARN_BLOCK_CAPTURE_AUTORELEASING = YES;
				CLANG_WARN_BOOL_CONVERSION = YES;
				CLANG_WARN_COMMA = YES;
				CLANG_WARN_CONSTANT_CONVERSION = YES;
				CLANG_WARN_DEPRECATED_OBJC_IMPLEMENTATIONS = YES;
				CLANG_WARN_DIRECT_OBJC_ISA_USAGE = YES_ERROR;
				CLANG_WARN_DOCUMENTATION_COMMENTS = YES;
				CLANG_WARN_EMPTY_BODY = YES;
				CLANG_WARN_ENUM_CONVERSION = YES;
				CLANG_WARN_INFINITE_RECURSION = YES;
				CLANG_WARN_INT_CONVERSION = YES;
				CLANG_WARN_NON_LITERAL_NULL_CONVERSION = YES;
				CLANG_WARN_OBJC_IMPLICIT_RETAIN_SELF = YES;
				CLANG_WARN_OBJC_LITERAL_CONVERSION = YES;
				CLANG_WARN_OBJC_ROOT_CLASS = YES_ERROR;
				CLANG_WARN_QUOTED_INCLUDE_IN_FRAMEWORK_HEADER = YES;
				CLANG_WARN_RANGE_LOOP_ANALYSIS = YES;
				CLANG_WARN_STRICT_PROTOTYPES = YES;
				CLANG_WARN_SUSPICIOUS_MOVE = YES;
				CLANG_WARN_UNGUARDED_AVAILABILITY = YES_AGGRESSIVE;
				CLANG_WARN_UNREACHABLE_CODE = YES;
				CLANG_WARN__DUPLICATE_METHOD_MATCH = YES;
				COPY_PHASE_STRIP = NO;
				DEBUG_INFORMATION_FORMAT = dwarf;
				ENABLE_STRICT_OBJC_MSGSEND = YES;
				ENABLE_TESTABILITY = YES;
				ENABLE_USER_SCRIPT_SANDBOXING = YES;
				GCC_C_LANGUAGE_STANDARD = gnu17;
				GCC_DYNAMIC_NO_PIC = NO;
				GCC_NO_COMMON_BLOCKS = YES;
				GCC_OPTIMIZATION_LEVEL = 0;
				GCC_PREPROCESSOR_DEFINITIONS = (
					"DEBUG=1",
					"$(inherited)",
				);
				GCC_WARN_64_TO_32_BIT_CONVERSION = YES;
				GCC_WARN_ABOUT_RETURN_TYPE = YES_ERROR;
				GCC_WARN_UNDECLARED_SELECTOR = YES;
				GCC_WARN_UNINITIALIZED_AUTOS = YES_AGGRESSIVE;
				GCC_WARN_UNUSED_FUNCTION = YES;
				GCC_WARN_UNUSED_VARIABLE = YES;
				IPHONEOS_DEPLOYMENT_TARGET = 17.5;
				LOCALIZATION_PREFERS_STRING_CATALOGS = YES;
				MTL_ENABLE_DEBUG_INFO = INCLUDE_SOURCE;
				MTL_FAST_MATH = YES;
				ONLY_ACTIVE_ARCH = YES;
				SDKROOT = iphoneos;
				SWIFT_ACTIVE_COMPILATION_CONDITIONS = "DEBUG $(inherited)";
				SWIFT_OPTIMIZATION_LEVEL = "-Onone";
			};
			name = Debug;
		};
		47BA66302C27FCD200B6EE25 /* Release */ = {
			isa = XCBuildConfiguration;
			buildSettings = {
				ALWAYS_SEARCH_USER_PATHS = NO;
				ASSETCATALOG_COMPILER_GENERATE_SWIFT_ASSET_SYMBOL_EXTENSIONS = YES;
				CLANG_ANALYZER_NONNULL = YES;
				CLANG_ANALYZER_NUMBER_OBJECT_CONVERSION = YES_AGGRESSIVE;
				CLANG_CXX_LANGUAGE_STANDARD = "gnu++20";
				CLANG_ENABLE_MODULES = YES;
				CLANG_ENABLE_OBJC_ARC = YES;
				CLANG_ENABLE_OBJC_WEAK = YES;
				CLANG_WARN_BLOCK_CAPTURE_AUTORELEASING = YES;
				CLANG_WARN_BOOL_CONVERSION = YES;
				CLANG_WARN_COMMA = YES;
				CLANG_WARN_CONSTANT_CONVERSION = YES;
				CLANG_WARN_DEPRECATED_OBJC_IMPLEMENTATIONS = YES;
				CLANG_WARN_DIRECT_OBJC_ISA_USAGE = YES_ERROR;
				CLANG_WARN_DOCUMENTATION_COMMENTS = YES;
				CLANG_WARN_EMPTY_BODY = YES;
				CLANG_WARN_ENUM_CONVERSION = YES;
				CLANG_WARN_INFINITE_RECURSION = YES;
				CLANG_WARN_INT_CONVERSION = YES;
				CLANG_WARN_NON_LITERAL_NULL_CONVERSION = YES;
				CLANG_WARN_OBJC_IMPLICIT_RETAIN_SELF = YES;
				CLANG_WARN_OBJC_LITERAL_CONVERSION = YES;
				CLANG_WARN_OBJC_ROOT_CLASS = YES_ERROR;
				CLANG_WARN_QUOTED_INCLUDE_IN_FRAMEWORK_HEADER = YES;
				CLANG_WARN_RANGE_LOOP_ANALYSIS = YES;
				CLANG_WARN_STRICT_PROTOTYPES = YES;
				CLANG_WARN_SUSPICIOUS_MOVE = YES;
				CLANG_WARN_UNGUARDED_AVAILABILITY = YES_AGGRESSIVE;
				CLANG_WARN_UNREACHABLE_CODE = YES;
				CLANG_WARN__DUPLICATE_METHOD_MATCH = YES;
				COPY_PHASE_STRIP = NO;
				DEBUG_INFORMATION_FORMAT = "dwarf-with-dsym";
				ENABLE_NS_ASSERTIONS = NO;
				ENABLE_STRICT_OBJC_MSGSEND = YES;
				ENABLE_USER_SCRIPT_SANDBOXING = YES;
				GCC_C_LANGUAGE_STANDARD = gnu17;
				GCC_NO_COMMON_BLOCKS = YES;
				GCC_WARN_64_TO_32_BIT_CONVERSION = YES;
				GCC_WARN_ABOUT_RETURN_TYPE = YES_ERROR;
				GCC_WARN_UNDECLARED_SELECTOR = YES;
				GCC_WARN_UNINITIALIZED_AUTOS = YES_AGGRESSIVE;
				GCC_WARN_UNUSED_FUNCTION = YES;
				GCC_WARN_UNUSED_VARIABLE = YES;
				IPHONEOS_DEPLOYMENT_TARGET = 17.5;
				LOCALIZATION_PREFERS_STRING_CATALOGS = YES;
				MTL_ENABLE_DEBUG_INFO = NO;
				MTL_FAST_MATH = YES;
				SDKROOT = iphoneos;
				SWIFT_COMPILATION_MODE = wholemodule;
				VALIDATE_PRODUCT = YES;
			};
			name = Release;
		};
		47BA66322C27FCD200B6EE25 /* Debug */ = {
			isa = XCBuildConfiguration;
			buildSettings = {
				ASSETCATALOG_COMPILER_APPICON_NAME = AppIcon;
				ASSETCATALOG_COMPILER_GLOBAL_ACCENT_COLOR_NAME = AccentColor;
				CODE_SIGN_STYLE = Automatic;
				CURRENT_PROJECT_VERSION = 1;
				DEVELOPMENT_ASSET_PATHS = "\"bdsputting1/Preview Content\"";
				DEVELOPMENT_TEAM = FRM2VQFFVT;
				ENABLE_PREVIEWS = YES;
				GENERATE_INFOPLIST_FILE = YES;
				INFOPLIST_FILE = bdsputting1/Info.plist;
				INFOPLIST_KEY_UIApplicationSceneManifest_Generation = YES;
				INFOPLIST_KEY_UIApplicationSupportsIndirectInputEvents = YES;
				INFOPLIST_KEY_UILaunchStoryboardName = "Launch Screen.storyboard";
				INFOPLIST_KEY_UISupportedInterfaceOrientations_iPad = "UIInterfaceOrientationPortrait UIInterfaceOrientationPortraitUpsideDown UIInterfaceOrientationLandscapeLeft UIInterfaceOrientationLandscapeRight";
				INFOPLIST_KEY_UISupportedInterfaceOrientations_iPhone = "UIInterfaceOrientationPortrait UIInterfaceOrientationLandscapeLeft UIInterfaceOrientationLandscapeRight";
				LD_RUNPATH_SEARCH_PATHS = (
					"$(inherited)",
					"@executable_path/Frameworks",
				);
				MARKETING_VERSION = 1.0;
				PRODUCT_BUNDLE_IDENTIFIER = com.brianirene.bdsputting1;
				PRODUCT_NAME = "$(TARGET_NAME)";
				SWIFT_EMIT_LOC_STRINGS = YES;
				SWIFT_VERSION = 5.0;
				TARGETED_DEVICE_FAMILY = "1,2";
			};
			name = Debug;
		};
		47BA66332C27FCD200B6EE25 /* Release */ = {
			isa = XCBuildConfiguration;
			buildSettings = {
				ASSETCATALOG_COMPILER_APPICON_NAME = AppIcon;
				ASSETCATALOG_COMPILER_GLOBAL_ACCENT_COLOR_NAME = AccentColor;
				CODE_SIGN_STYLE = Automatic;
				CURRENT_PROJECT_VERSION = 1;
				DEVELOPMENT_ASSET_PATHS = "\"bdsputting1/Preview Content\"";
				DEVELOPMENT_TEAM = FRM2VQFFVT;
				ENABLE_PREVIEWS = YES;
				GENERATE_INFOPLIST_FILE = YES;
				INFOPLIST_FILE = bdsputting1/Info.plist;
				INFOPLIST_KEY_UIApplicationSceneManifest_Generation = YES;
				INFOPLIST_KEY_UIApplicationSupportsIndirectInputEvents = YES;
				INFOPLIST_KEY_UILaunchStoryboardName = "Launch Screen.storyboard";
				INFOPLIST_KEY_UISupportedInterfaceOrientations_iPad = "UIInterfaceOrientationPortrait UIInterfaceOrientationPortraitUpsideDown UIInterfaceOrientationLandscapeLeft UIInterfaceOrientationLandscapeRight";
				INFOPLIST_KEY_UISupportedInterfaceOrientations_iPhone = "UIInterfaceOrientationPortrait UIInterfaceOrientationLandscapeLeft UIInterfaceOrientationLandscapeRight";
				LD_RUNPATH_SEARCH_PATHS = (
					"$(inherited)",
					"@executable_path/Frameworks",
				);
				MARKETING_VERSION = 1.0;
				PRODUCT_BUNDLE_IDENTIFIER = com.brianirene.bdsputting1;
				PRODUCT_NAME = "$(TARGET_NAME)";
				SWIFT_EMIT_LOC_STRINGS = YES;
				SWIFT_VERSION = 5.0;
				TARGETED_DEVICE_FAMILY = "1,2";
			};
			name = Release;
		};
/* End XCBuildConfiguration section */

/* Begin XCConfigurationList section */
		47BA661E2C27FCD100B6EE25 /* Build configuration list for PBXProject "bdsputting1" */ = {
			isa = XCConfigurationList;
			buildConfigurations = (
				47BA662F2C27FCD200B6EE25 /* Debug */,
				47BA66302C27FCD200B6EE25 /* Release */,
			);
			defaultConfigurationIsVisible = 0;
			defaultConfigurationName = Release;
		};
		47BA66312C27FCD200B6EE25 /* Build configuration list for PBXNativeTarget "bdsputting1" */ = {
			isa = XCConfigurationList;
			buildConfigurations = (
				47BA66322C27FCD200B6EE25 /* Debug */,
				47BA66332C27FCD200B6EE25 /* Release */,
			);
			defaultConfigurationIsVisible = 0;
			defaultConfigurationName = Release;
		};
/* End XCConfigurationList section */
	};
	rootObject = 47BA661B2C27FCD100B6EE25 /* Project object */;
}
